
Microsoft Visual Studio Solution File, Format Version 12.00
# Visual Studio Version 16
VisualStudioVersion = 16.0.29728.190
MinimumVisualStudioVersion = 10.0.40219.1
Project("{FAE04EC0-301F-11D3-BF4B-00C04F79EFBC}") = "AutomationExam", "AutomationExam\AutomationExam.csproj", "{BB44CA83-D9A6-4B3F-B5F6-8E38F2A1C8AA}"
EndProject
Global
	GlobalSection(SolutionConfigurationPlatforms) = preSolution
		Debug|Any CPU = Debug|Any CPU
		Release|Any CPU = Release|Any CPU
	EndGlobalSection
	GlobalSection(ProjectConfigurationPlatforms) = postSolution
		{BB44CA83-D9A6-4B3F-B5F6-8E38F2A1C8AA}.Debug|Any CPU.ActiveCfg = Debug|Any CPU
		{BB44CA83-D9A6-4B3F-B5F6-8E38F2A1C8AA}.Debug|Any CPU.Build.0 = Debug|Any CPU
		{BB44CA83-D9A6-4B3F-B5F6-8E38F2A1C8AA}.Release|Any CPU.ActiveCfg = Release|Any CPU
		{BB44CA83-D9A6-4B3F-B5F6-8E38F2A1C8AA}.Release|Any CPU.Build.0 = Release|Any CPU
	EndGlobalSection
	GlobalSection(SolutionProperties) = preSolution
		HideSolutionNode = FALSE
	EndGlobalSection
	GlobalSection(ExtensibilityGlobals) = postSolution
		SolutionGuid = {CBAE6C0C-6AA6-47F1-A5A4-AD8CD126C496}
	EndGlobalSection
EndGlobal
